
Microsoft Visual Studio Solution File, Format Version 12.00
# Visual Studio Version 16
VisualStudioVersion = 16.0.31702.278
MinimumVisualStudioVersion = 10.0.40219.1
Project("{FAE04EC0-301F-11D3-BF4B-00C04F79EFBC}") = "OOP_1", "OOP_1\OOP_1.csproj", "{AB8933F7-4CA2-4F52-8424-F711016D6BAA}"
EndProject
Global
	GlobalSection(SolutionConfigurationPlatforms) = preSolution
		Debug|Any CPU = Debug|Any CPU
		Release|Any CPU = Release|Any CPU
	EndGlobalSection
	GlobalSection(ProjectConfigurationPlatforms) = postSolution
		{AB8933F7-4CA2-4F52-8424-F711016D6BAA}.Debug|Any CPU.ActiveCfg = Debug|Any CPU
		{AB8933F7-4CA2-4F52-8424-F711016D6BAA}.Debug|Any CPU.Build.0 = Debug|Any CPU
		{AB8933F7-4CA2-4F52-8424-F711016D6BAA}.Release|Any CPU.ActiveCfg = Release|Any CPU
		{AB8933F7-4CA2-4F52-8424-F711016D6BAA}.Release|Any CPU.Build.0 = Release|Any CPU
	EndGlobalSection
	GlobalSection(SolutionProperties) = preSolution
		HideSolutionNode = FALSE
	EndGlobalSection
	GlobalSection(ExtensibilityGlobals) = postSolution
		SolutionGuid = {165FEBE8-94B1-4E1F-B91B-D1D962007D99}
	EndGlobalSection
EndGlobal
